
Microsoft Visual Studio Solution File, Format Version 12.00
# Visual Studio Version 16
VisualStudioVersion = 16.0.30611.23
MinimumVisualStudioVersion = 10.0.40219.1
Project("{9A19103F-16F7-4668-BE54-9A1E7A4F7556}") = "OOP1", "OOP1\OOP1.csproj", "{1D2D32DD-F5C6-417A-83CE-C0FD288C87EE}"
EndProject
Project("{FAE04EC0-301F-11D3-BF4B-00C04F79EFBC}") = "Collections", "Collections\Collections.csproj", "{035F991B-520F-4A37-A0C3-61BA58F8E70D}"
EndProject
Project("{FAE04EC0-301F-11D3-BF4B-00C04F79EFBC}") = "GenericsIntro", "GenericsIntro\GenericsIntro.csproj", "{37DC475C-5F1B-4350-976B-AE4598CDA1CD}"
EndProject
Global
	GlobalSection(SolutionConfigurationPlatforms) = preSolution
		Debug|Any CPU = Debug|Any CPU
		Release|Any CPU = Release|Any CPU
	EndGlobalSection
	GlobalSection(ProjectConfigurationPlatforms) = postSolution
		{1D2D32DD-F5C6-417A-83CE-C0FD288C87EE}.Debug|Any CPU.ActiveCfg = Debug|Any CPU
		{1D2D32DD-F5C6-417A-83CE-C0FD288C87EE}.Debug|Any CPU.Build.0 = Debug|Any CPU
		{1D2D32DD-F5C6-417A-83CE-C0FD288C87EE}.Release|Any CPU.ActiveCfg = Release|Any CPU
		{1D2D32DD-F5C6-417A-83CE-C0FD288C87EE}.Release|Any CPU.Build.0 = Release|Any CPU
		{035F991B-520F-4A37-A0C3-61BA58F8E70D}.Debug|Any CPU.ActiveCfg = Debug|Any CPU
		{035F991B-520F-4A37-A0C3-61BA58F8E70D}.Debug|Any CPU.Build.0 = Debug|Any CPU
		{035F991B-520F-4A37-A0C3-61BA58F8E70D}.Release|Any CPU.ActiveCfg = Release|Any CPU
		{035F991B-520F-4A37-A0C3-61BA58F8E70D}.Release|Any CPU.Build.0 = Release|Any CPU
		{37DC475C-5F1B-4350-976B-AE4598CDA1CD}.Debug|Any CPU.ActiveCfg = Debug|Any CPU
		{37DC475C-5F1B-4350-976B-AE4598CDA1CD}.Debug|Any CPU.Build.0 = Debug|Any CPU
		{37DC475C-5F1B-4350-976B-AE4598CDA1CD}.Release|Any CPU.ActiveCfg = Release|Any CPU
		{37DC475C-5F1B-4350-976B-AE4598CDA1CD}.Release|Any CPU.Build.0 = Release|Any CPU
	EndGlobalSection
	GlobalSection(SolutionProperties) = preSolution
		HideSolutionNode = FALSE
	EndGlobalSection
	GlobalSection(ExtensibilityGlobals) = postSolution
		SolutionGuid = {06534DF4-43D3-425B-B8FD-0CD7E1544B50}
	EndGlobalSection
EndGlobal
